// !$*UTF8*$!
{
	archiveVersion = 1;
	classes = {
	};
	objectVersion = 50;
	objects = {

/* Begin PBXBuildFile section */
		26A680C22607AD9A0085B0C2 /* PomodoroStatistics.swift in Sources */ = {isa = PBXBuildFile; fileRef = 26A680C12607AD9A0085B0C2 /* PomodoroStatistics.swift */; };
		26AF75EB25E0501D00BA2776 /* pomodoroApp.swift in Sources */ = {isa = PBXBuildFile; fileRef = 26AF75EA25E0501D00BA2776 /* pomodoroApp.swift */; };
		26AF75ED25E0501D00BA2776 /* ContentView.swift in Sources */ = {isa = PBXBuildFile; fileRef = 26AF75EC25E0501D00BA2776 /* ContentView.swift */; };
		26AF75EF25E0501E00BA2776 /* Assets.xcassets in Resources */ = {isa = PBXBuildFile; fileRef = 26AF75EE25E0501E00BA2776 /* Assets.xcassets */; };
		26AF75F425E0501E00BA2776 /* Persistence.swift in Sources */ = {isa = PBXBuildFile; fileRef = 26AF75F325E0501E00BA2776 /* Persistence.swift */; };
		26AF75F725E0501E00BA2776 /* pomodoro.xcdatamodeld in Sources */ = {isa = PBXBuildFile; fileRef = 26AF75F525E0501E00BA2776 /* pomodoro.xcdatamodeld */; };
		26AF760225E0501E00BA2776 /* pomodoroTests.swift in Sources */ = {isa = PBXBuildFile; fileRef = 26AF760125E0501E00BA2776 /* pomodoroTests.swift */; };
		26AF760D25E0501E00BA2776 /* pomodoroUITests.swift in Sources */ = {isa = PBXBuildFile; fileRef = 26AF760C25E0501E00BA2776 /* pomodoroUITests.swift */; };
		26B006B426010ECD00A99086 /* TaskView.swift in Sources */ = {isa = PBXBuildFile; fileRef = 26B006B326010ECD00A99086 /* TaskView.swift */; };
		26B006C72601189500A99086 /* BarView.swift in Sources */ = {isa = PBXBuildFile; fileRef = 26B006C62601189500A99086 /* BarView.swift */; };
		26B006CF2601191900A99086 /* ChartsView.swift in Sources */ = {isa = PBXBuildFile; fileRef = 26B006CE2601191900A99086 /* ChartsView.swift */; };
		26D2139925EFDE1F00257AED /* PomodoroTimer.swift in Sources */ = {isa = PBXBuildFile; fileRef = 26D2139825EFDE1F00257AED /* PomodoroTimer.swift */; };
		26D2139E25EFDF1A00257AED /* Untilities.swift in Sources */ = {isa = PBXBuildFile; fileRef = 26D2139D25EFDF1A00257AED /* Untilities.swift */; };
		26D213A325EFF2CA00257AED /* CurrentTaskView.swift in Sources */ = {isa = PBXBuildFile; fileRef = 26D213A225EFF2CA00257AED /* CurrentTaskView.swift */; };
		26D213A825EFF31300257AED /* TaskDetailsView.swift in Sources */ = {isa = PBXBuildFile; fileRef = 26D213A725EFF31300257AED /* TaskDetailsView.swift */; };
		26D213B025F0062800257AED /* Preview Content in Resources */ = {isa = PBXBuildFile; fileRef = 26D213AF25F0062800257AED /* Preview Content */; };
		26D213B525F52C7800257AED /* SettingsView.swift in Sources */ = {isa = PBXBuildFile; fileRef = 26D213B425F52C7800257AED /* SettingsView.swift */; };
		26E6282E25E59CF700AB3BF8 /* Task+CoreDataClass.swift in Sources */ = {isa = PBXBuildFile; fileRef = 26E6282C25E59CF700AB3BF8 /* Task+CoreDataClass.swift */; };
		26E6282F25E59CF700AB3BF8 /* Task+CoreDataProperties.swift in Sources */ = {isa = PBXBuildFile; fileRef = 26E6282D25E59CF700AB3BF8 /* Task+CoreDataProperties.swift */; };
/* End PBXBuildFile section */

/* Begin PBXContainerItemProxy section */
		26AF75FE25E0501E00BA2776 /* PBXContainerItemProxy */ = {
			isa = PBXContainerItemProxy;
			containerPortal = 26AF75DF25E0501D00BA2776 /* Project object */;
			proxyType = 1;
			remoteGlobalIDString = 26AF75E625E0501D00BA2776;
			remoteInfo = pomodoro;
		};
		26AF760925E0501E00BA2776 /* PBXContainerItemProxy */ = {
			isa = PBXContainerItemProxy;
			containerPortal = 26AF75DF25E0501D00BA2776 /* Project object */;
			proxyType = 1;
			remoteGlobalIDString = 26AF75E625E0501D00BA2776;
			remoteInfo = pomodoro;
		};
/* End PBXContainerItemProxy section */

/* Begin PBXFileReference section */
		26A680C12607AD9A0085B0C2 /* PomodoroStatistics.swift */ = {isa = PBXFileReference; lastKnownFileType = sourcecode.swift; path = PomodoroStatistics.swift; sourceTree = "<group>"; };
		26AF75E725E0501D00BA2776 /* pomodoro.app */ = {isa = PBXFileReference; explicitFileType = wrapper.application; includeInIndex = 0; path = pomodoro.app; sourceTree = BUILT_PRODUCTS_DIR; };
		26AF75EA25E0501D00BA2776 /* pomodoroApp.swift */ = {isa = PBXFileReference; lastKnownFileType = sourcecode.swift; path = pomodoroApp.swift; sourceTree = "<group>"; };
		26AF75EC25E0501D00BA2776 /* ContentView.swift */ = {isa = PBXFileReference; lastKnownFileType = sourcecode.swift; path = ContentView.swift; sourceTree = "<group>"; };
		26AF75EE25E0501E00BA2776 /* Assets.xcassets */ = {isa = PBXFileReference; lastKnownFileType = folder.assetcatalog; path = Assets.xcassets; sourceTree = "<group>"; };
		26AF75F325E0501E00BA2776 /* Persistence.swift */ = {isa = PBXFileReference; lastKnownFileType = sourcecode.swift; path = Persistence.swift; sourceTree = "<group>"; };
		26AF75F625E0501E00BA2776 /* pomodoro.xcdatamodel */ = {isa = PBXFileReference; lastKnownFileType = wrapper.xcdatamodel; path = pomodoro.xcdatamodel; sourceTree = "<group>"; };
		26AF75F825E0501E00BA2776 /* Info.plist */ = {isa = PBXFileReference; lastKnownFileType = text.plist.xml; path = Info.plist; sourceTree = "<group>"; };
		26AF75FD25E0501E00BA2776 /* pomodoroTests.xctest */ = {isa = PBXFileReference; explicitFileType = wrapper.cfbundle; includeInIndex = 0; path = pomodoroTests.xctest; sourceTree = BUILT_PRODUCTS_DIR; };
		26AF760125E0501E00BA2776 /* pomodoroTests.swift */ = {isa = PBXFileReference; lastKnownFileType = sourcecode.swift; path = pomodoroTests.swift; sourceTree = "<group>"; };
		26AF760325E0501E00BA2776 /* Info.plist */ = {isa = PBXFileReference; lastKnownFileType = text.plist.xml; path = Info.plist; sourceTree = "<group>"; };
		26AF760825E0501E00BA2776 /* pomodoroUITests.xctest */ = {isa = PBXFileReference; explicitFileType = wrapper.cfbundle; includeInIndex = 0; path = pomodoroUITests.xctest; sourceTree = BUILT_PRODUCTS_DIR; };
		26AF760C25E0501E00BA2776 /* pomodoroUITests.swift */ = {isa = PBXFileReference; lastKnownFileType = sourcecode.swift; path = pomodoroUITests.swift; sourceTree = "<group>"; };
		26AF760E25E0501E00BA2776 /* Info.plist */ = {isa = PBXFileReference; lastKnownFileType = text.plist.xml; path = Info.plist; sourceTree = "<group>"; };
		26B006B326010ECD00A99086 /* TaskView.swift */ = {isa = PBXFileReference; lastKnownFileType = sourcecode.swift; path = TaskView.swift; sourceTree = "<group>"; };
		26B006C62601189500A99086 /* BarView.swift */ = {isa = PBXFileReference; lastKnownFileType = sourcecode.swift; path = BarView.swift; sourceTree = "<group>"; };
		26B006CE2601191900A99086 /* ChartsView.swift */ = {isa = PBXFileReference; lastKnownFileType = sourcecode.swift; path = ChartsView.swift; sourceTree = "<group>"; };
		26D2139825EFDE1F00257AED /* PomodoroTimer.swift */ = {isa = PBXFileReference; lastKnownFileType = sourcecode.swift; path = PomodoroTimer.swift; sourceTree = "<group>"; };
		26D2139D25EFDF1A00257AED /* Untilities.swift */ = {isa = PBXFileReference; lastKnownFileType = sourcecode.swift; path = Untilities.swift; sourceTree = "<group>"; };
		26D213A225EFF2CA00257AED /* CurrentTaskView.swift */ = {isa = PBXFileReference; lastKnownFileType = sourcecode.swift; path = CurrentTaskView.swift; sourceTree = "<group>"; };
		26D213A725EFF31300257AED /* TaskDetailsView.swift */ = {isa = PBXFileReference; lastKnownFileType = sourcecode.swift; path = TaskDetailsView.swift; sourceTree = "<group>"; };
		26D213AF25F0062800257AED /* Preview Content */ = {isa = PBXFileReference; lastKnownFileType = folder; path = "Preview Content"; sourceTree = "<group>"; };
		26D213B425F52C7800257AED /* SettingsView.swift */ = {isa = PBXFileReference; lastKnownFileType = sourcecode.swift; path = SettingsView.swift; sourceTree = "<group>"; };
		26E6282C25E59CF700AB3BF8 /* Task+CoreDataClass.swift */ = {isa = PBXFileReference; lastKnownFileType = sourcecode.swift; path = "Task+CoreDataClass.swift"; sourceTree = "<group>"; };
		26E6282D25E59CF700AB3BF8 /* Task+CoreDataProperties.swift */ = {isa = PBXFileReference; lastKnownFileType = sourcecode.swift; path = "Task+CoreDataProperties.swift"; sourceTree = "<group>"; };
/* End PBXFileReference section */

/* Begin PBXFrameworksBuildPhase section */
		26AF75E425E0501D00BA2776 /* Frameworks */ = {
			isa = PBXFrameworksBuildPhase;
			buildActionMask = 2147483647;
			files = (
			);
			runOnlyForDeploymentPostprocessing = 0;
		};
		26AF75FA25E0501E00BA2776 /* Frameworks */ = {
			isa = PBXFrameworksBuildPhase;
			buildActionMask = 2147483647;
			files = (
			);
			runOnlyForDeploymentPostprocessing = 0;
		};
		26AF760525E0501E00BA2776 /* Frameworks */ = {
			isa = PBXFrameworksBuildPhase;
			buildActionMask = 2147483647;
			files = (
			);
			runOnlyForDeploymentPostprocessing = 0;
		};
/* End PBXFrameworksBuildPhase section */

/* Begin PBXGroup section */
		26AF75DE25E0501D00BA2776 = {
			isa = PBXGroup;
			children = (
				26E6282C25E59CF700AB3BF8 /* Task+CoreDataClass.swift */,
				26E6282D25E59CF700AB3BF8 /* Task+CoreDataProperties.swift */,
				26AF75E925E0501D00BA2776 /* pomodoro */,
				26AF760025E0501E00BA2776 /* pomodoroTests */,
				26AF760B25E0501E00BA2776 /* pomodoroUITests */,
				26AF75E825E0501D00BA2776 /* Products */,
			);
			sourceTree = "<group>";
		};
		26AF75E825E0501D00BA2776 /* Products */ = {
			isa = PBXGroup;
			children = (
				26AF75E725E0501D00BA2776 /* pomodoro.app */,
				26AF75FD25E0501E00BA2776 /* pomodoroTests.xctest */,
				26AF760825E0501E00BA2776 /* pomodoroUITests.xctest */,
			);
			name = Products;
			sourceTree = "<group>";
		};
		26AF75E925E0501D00BA2776 /* pomodoro */ = {
			isa = PBXGroup;
			children = (
				26B006C0260110D200A99086 /* report */,
				26B006BC26010F7400A99086 /* common */,
				26B006BB26010F3500A99086 /* task */,
				26B006B226010DF400A99086 /* pomodoroTimer */,
				26D213AF25F0062800257AED /* Preview Content */,
				26AF75EA25E0501D00BA2776 /* pomodoroApp.swift */,
				26AF75EC25E0501D00BA2776 /* ContentView.swift */,
				26AF75EE25E0501E00BA2776 /* Assets.xcassets */,
				26AF75F325E0501E00BA2776 /* Persistence.swift */,
				26AF75F825E0501E00BA2776 /* Info.plist */,
				26AF75F525E0501E00BA2776 /* pomodoro.xcdatamodeld */,
				26D213B425F52C7800257AED /* SettingsView.swift */,
			);
			path = pomodoro;
			sourceTree = "<group>";
		};
		26AF760025E0501E00BA2776 /* pomodoroTests */ = {
			isa = PBXGroup;
			children = (
				26AF760125E0501E00BA2776 /* pomodoroTests.swift */,
				26AF760325E0501E00BA2776 /* Info.plist */,
			);
			path = pomodoroTests;
			sourceTree = "<group>";
		};
		26AF760B25E0501E00BA2776 /* pomodoroUITests */ = {
			isa = PBXGroup;
			children = (
				26AF760C25E0501E00BA2776 /* pomodoroUITests.swift */,
				26AF760E25E0501E00BA2776 /* Info.plist */,
			);
			path = pomodoroUITests;
			sourceTree = "<group>";
		};
		26B006B226010DF400A99086 /* pomodoroTimer */ = {
			isa = PBXGroup;
			children = (
				26D2139825EFDE1F00257AED /* PomodoroTimer.swift */,
			);
			path = pomodoroTimer;
			sourceTree = "<group>";
		};
		26B006BB26010F3500A99086 /* task */ = {
			isa = PBXGroup;
			children = (
				26D213A225EFF2CA00257AED /* CurrentTaskView.swift */,
				26D213A725EFF31300257AED /* TaskDetailsView.swift */,
				26B006B326010ECD00A99086 /* TaskView.swift */,
			);
			path = task;
			sourceTree = "<group>";
		};
		26B006BC26010F7400A99086 /* common */ = {
			isa = PBXGroup;
			children = (
				26D2139D25EFDF1A00257AED /* Untilities.swift */,
			);
			path = common;
			sourceTree = "<group>";
		};
		26B006C0260110D200A99086 /* report */ = {
			isa = PBXGroup;
			children = (
				26B006C52601187700A99086 /* chartBar */,
			);
			path = report;
			sourceTree = "<group>";
		};
		26B006C52601187700A99086 /* chartBar */ = {
			isa = PBXGroup;
			children = (
				26B006C62601189500A99086 /* BarView.swift */,
				26B006CE2601191900A99086 /* ChartsView.swift */,
				26A680C12607AD9A0085B0C2 /* PomodoroStatistics.swift */,
			);
			path = chartBar;
			sourceTree = "<group>";
		};
/* End PBXGroup section */

/* Begin PBXNativeTarget section */
		26AF75E625E0501D00BA2776 /* pomodoro */ = {
			isa = PBXNativeTarget;
			buildConfigurationList = 26AF761125E0501E00BA2776 /* Build configuration list for PBXNativeTarget "pomodoro" */;
			buildPhases = (
				26AF75E325E0501D00BA2776 /* Sources */,
				26AF75E425E0501D00BA2776 /* Frameworks */,
				26AF75E525E0501D00BA2776 /* Resources */,
			);
			buildRules = (
			);
			dependencies = (
			);
			name = pomodoro;
			productName = pomodoro;
			productReference = 26AF75E725E0501D00BA2776 /* pomodoro.app */;
			productType = "com.apple.product-type.application";
		};
		26AF75FC25E0501E00BA2776 /* pomodoroTests */ = {
			isa = PBXNativeTarget;
			buildConfigurationList = 26AF761425E0501E00BA2776 /* Build configuration list for PBXNativeTarget "pomodoroTests" */;
			buildPhases = (
				26AF75F925E0501E00BA2776 /* Sources */,
				26AF75FA25E0501E00BA2776 /* Frameworks */,
				26AF75FB25E0501E00BA2776 /* Resources */,
			);
			buildRules = (
			);
			dependencies = (
				26AF75FF25E0501E00BA2776 /* PBXTargetDependency */,
			);
			name = pomodoroTests;
			productName = pomodoroTests;
			productReference = 26AF75FD25E0501E00BA2776 /* pomodoroTests.xctest */;
			productType = "com.apple.product-type.bundle.unit-test";
		};
		26AF760725E0501E00BA2776 /* pomodoroUITests */ = {
			isa = PBXNativeTarget;
			buildConfigurationList = 26AF761725E0501E00BA2776 /* Build configuration list for PBXNativeTarget "pomodoroUITests" */;
			buildPhases = (
				26AF760425E0501E00BA2776 /* Sources */,
				26AF760525E0501E00BA2776 /* Frameworks */,
				26AF760625E0501E00BA2776 /* Resources */,
			);
			buildRules = (
			);
			dependencies = (
				26AF760A25E0501E00BA2776 /* PBXTargetDependency */,
			);
			name = pomodoroUITests;
			productName = pomodoroUITests;
			productReference = 26AF760825E0501E00BA2776 /* pomodoroUITests.xctest */;
			productType = "com.apple.product-type.bundle.ui-testing";
		};
/* End PBXNativeTarget section */

/* Begin PBXProject section */
		26AF75DF25E0501D00BA2776 /* Project object */ = {
			isa = PBXProject;
			attributes = {
				LastSwiftUpdateCheck = 1240;
				LastUpgradeCheck = 1240;
				TargetAttributes = {
					26AF75E625E0501D00BA2776 = {
						CreatedOnToolsVersion = 12.4;
					};
					26AF75FC25E0501E00BA2776 = {
						CreatedOnToolsVersion = 12.4;
						TestTargetID = 26AF75E625E0501D00BA2776;
					};
					26AF760725E0501E00BA2776 = {
						CreatedOnToolsVersion = 12.4;
						TestTargetID = 26AF75E625E0501D00BA2776;
					};
				};
			};
			buildConfigurationList = 26AF75E225E0501D00BA2776 /* Build configuration list for PBXProject "pomodoro" */;
			compatibilityVersion = "Xcode 9.3";
			developmentRegion = en;
			hasScannedForEncodings = 0;
			knownRegions = (
				en,
				Base,
			);
			mainGroup = 26AF75DE25E0501D00BA2776;
			productRefGroup = 26AF75E825E0501D00BA2776 /* Products */;
			projectDirPath = "";
			projectRoot = "";
			targets = (
				26AF75E625E0501D00BA2776 /* pomodoro */,
				26AF75FC25E0501E00BA2776 /* pomodoroTests */,
				26AF760725E0501E00BA2776 /* pomodoroUITests */,
			);
		};
/* End PBXProject section */

/* Begin PBXResourcesBuildPhase section */
		26AF75E525E0501D00BA2776 /* Resources */ = {
			isa = PBXResourcesBuildPhase;
			buildActionMask = 2147483647;
			files = (
				26D213B025F0062800257AED /* Preview Content in Resources */,
				26AF75EF25E0501E00BA2776 /* Assets.xcassets in Resources */,
			);
			runOnlyForDeploymentPostprocessing = 0;
		};
		26AF75FB25E0501E00BA2776 /* Resources */ = {
			isa = PBXResourcesBuildPhase;
			buildActionMask = 2147483647;
			files = (
			);
			runOnlyForDeploymentPostprocessing = 0;
		};
		26AF760625E0501E00BA2776 /* Resources */ = {
			isa = PBXResourcesBuildPhase;
			buildActionMask = 2147483647;
			files = (
			);
			runOnlyForDeploymentPostprocessing = 0;
		};
/* End PBXResourcesBuildPhase section */

/* Begin PBXSourcesBuildPhase section */
		26AF75E325E0501D00BA2776 /* Sources */ = {
			isa = PBXSourcesBuildPhase;
			buildActionMask = 2147483647;
			files = (
				26D213A325EFF2CA00257AED /* CurrentTaskView.swift in Sources */,
				26AF75F725E0501E00BA2776 /* pomodoro.xcdatamodeld in Sources */,
				26E6282E25E59CF700AB3BF8 /* Task+CoreDataClass.swift in Sources */,
				26B006B426010ECD00A99086 /* TaskView.swift in Sources */,
				26B006CF2601191900A99086 /* ChartsView.swift in Sources */,
				26D213A825EFF31300257AED /* TaskDetailsView.swift in Sources */,
				26B006C72601189500A99086 /* BarView.swift in Sources */,
				26D2139925EFDE1F00257AED /* PomodoroTimer.swift in Sources */,
				26AF75F425E0501E00BA2776 /* Persistence.swift in Sources */,
				26A680C22607AD9A0085B0C2 /* PomodoroStatistics.swift in Sources */,
				26AF75ED25E0501D00BA2776 /* ContentView.swift in Sources */,
				26D2139E25EFDF1A00257AED /* Untilities.swift in Sources */,
				26E6282F25E59CF700AB3BF8 /* Task+CoreDataProperties.swift in Sources */,
				26AF75EB25E0501D00BA2776 /* pomodoroApp.swift in Sources */,
				26D213B525F52C7800257AED /* SettingsView.swift in Sources */,
			);
			runOnlyForDeploymentPostprocessing = 0;
		};
		26AF75F925E0501E00BA2776 /* Sources */ = {
			isa = PBXSourcesBuildPhase;
			buildActionMask = 2147483647;
			files = (
				26AF760225E0501E00BA2776 /* pomodoroTests.swift in Sources */,
			);
			runOnlyForDeploymentPostprocessing = 0;
		};
		26AF760425E0501E00BA2776 /* Sources */ = {
			isa = PBXSourcesBuildPhase;
			buildActionMask = 2147483647;
			files = (
				26AF760D25E0501E00BA2776 /* pomodoroUITests.swift in Sources */,
			);
			runOnlyForDeploymentPostprocessing = 0;
		};
/* End PBXSourcesBuildPhase section */

/* Begin PBXTargetDependency section */
		26AF75FF25E0501E00BA2776 /* PBXTargetDependency */ = {
			isa = PBXTargetDependency;
			target = 26AF75E625E0501D00BA2776 /* pomodoro */;
			targetProxy = 26AF75FE25E0501E00BA2776 /* PBXContainerItemProxy */;
		};
		26AF760A25E0501E00BA2776 /* PBXTargetDependency */ = {
			isa = PBXTargetDependency;
			target = 26AF75E625E0501D00BA2776 /* pomodoro */;
			targetProxy = 26AF760925E0501E00BA2776 /* PBXContainerItemProxy */;
		};
/* End PBXTargetDependency section */

/* Begin XCBuildConfiguration section */
		26AF760F25E0501E00BA2776 /* Debug */ = {
			isa = XCBuildConfiguration;
			buildSettings = {
				ALWAYS_SEARCH_USER_PATHS = NO;
				CLANG_ANALYZER_NONNULL = YES;
				CLANG_ANALYZER_NUMBER_OBJECT_CONVERSION = YES_AGGRESSIVE;
				CLANG_CXX_LANGUAGE_STANDARD = "gnu++14";
				CLANG_CXX_LIBRARY = "libc++";
				CLANG_ENABLE_MODULES = YES;
				CLANG_ENABLE_OBJC_ARC = YES;
				CLANG_ENABLE_OBJC_WEAK = YES;
				CLANG_WARN_BLOCK_CAPTURE_AUTORELEASING = YES;
				CLANG_WARN_BOOL_CONVERSION = YES;
				CLANG_WARN_COMMA = YES;
				CLANG_WARN_CONSTANT_CONVERSION = YES;
				CLANG_WARN_DEPRECATED_OBJC_IMPLEMENTATIONS = YES;
				CLANG_WARN_DIRECT_OBJC_ISA_USAGE = YES_ERROR;
				CLANG_WARN_DOCUMENTATION_COMMENTS = YES;
				CLANG_WARN_EMPTY_BODY = YES;
				CLANG_WARN_ENUM_CONVERSION = YES;
				CLANG_WARN_INFINITE_RECURSION = YES;
				CLANG_WARN_INT_CONVERSION = YES;
				CLANG_WARN_NON_LITERAL_NULL_CONVERSION = YES;
				CLANG_WARN_OBJC_IMPLICIT_RETAIN_SELF = YES;
				CLANG_WARN_OBJC_LITERAL_CONVERSION = YES;
				CLANG_WARN_OBJC_ROOT_CLASS = YES_ERROR;
				CLANG_WARN_QUOTED_INCLUDE_IN_FRAMEWORK_HEADER = YES;
				CLANG_WARN_RANGE_LOOP_ANALYSIS = YES;
				CLANG_WARN_STRICT_PROTOTYPES = YES;
				CLANG_WARN_SUSPICIOUS_MOVE = YES;
				CLANG_WARN_UNGUARDED_AVAILABILITY = YES_AGGRESSIVE;
				CLANG_WARN_UNREACHABLE_CODE = YES;
				CLANG_WARN__DUPLICATE_METHOD_MATCH = YES;
				COPY_PHASE_STRIP = NO;
				DEBUG_INFORMATION_FORMAT = dwarf;
				DEVELOPMENT_TEAM = V3XY5R5N6T;
				ENABLE_STRICT_OBJC_MSGSEND = YES;
				ENABLE_TESTABILITY = YES;
				GCC_C_LANGUAGE_STANDARD = gnu11;
				GCC_DYNAMIC_NO_PIC = NO;
				GCC_NO_COMMON_BLOCKS = YES;
				GCC_OPTIMIZATION_LEVEL = 0;
				GCC_PREPROCESSOR_DEFINITIONS = (
					"DEBUG=1",
					"$(inherited)",
				);
				GCC_WARN_64_TO_32_BIT_CONVERSION = YES;
				GCC_WARN_ABOUT_RETURN_TYPE = YES_ERROR;
				GCC_WARN_UNDECLARED_SELECTOR = YES;
				GCC_WARN_UNINITIALIZED_AUTOS = YES_AGGRESSIVE;
				GCC_WARN_UNUSED_FUNCTION = YES;
				GCC_WARN_UNUSED_VARIABLE = YES;
				IPHONEOS_DEPLOYMENT_TARGET = 14.4;
				MTL_ENABLE_DEBUG_INFO = INCLUDE_SOURCE;
				MTL_FAST_MATH = YES;
				ONLY_ACTIVE_ARCH = YES;
				SDKROOT = iphoneos;
				SWIFT_ACTIVE_COMPILATION_CONDITIONS = DEBUG;
				SWIFT_OPTIMIZATION_LEVEL = "-Onone";
			};
			name = Debug;
		};
		26AF761025E0501E00BA2776 /* Release */ = {
			isa = XCBuildConfiguration;
			buildSettings = {
				ALWAYS_SEARCH_USER_PATHS = NO;
				CLANG_ANALYZER_NONNULL = YES;
				CLANG_ANALYZER_NUMBER_OBJECT_CONVERSION = YES_AGGRESSIVE;
				CLANG_CXX_LANGUAGE_STANDARD = "gnu++14";
				CLANG_CXX_LIBRARY = "libc++";
				CLANG_ENABLE_MODULES = YES;
				CLANG_ENABLE_OBJC_ARC = YES;
				CLANG_ENABLE_OBJC_WEAK = YES;
				CLANG_WARN_BLOCK_CAPTURE_AUTORELEASING = YES;
				CLANG_WARN_BOOL_CONVERSION = YES;
				CLANG_WARN_COMMA = YES;
				CLANG_WARN_CONSTANT_CONVERSION = YES;
				CLANG_WARN_DEPRECATED_OBJC_IMPLEMENTATIONS = YES;
				CLANG_WARN_DIRECT_OBJC_ISA_USAGE = YES_ERROR;
				CLANG_WARN_DOCUMENTATION_COMMENTS = YES;
				CLANG_WARN_EMPTY_BODY = YES;
				CLANG_WARN_ENUM_CONVERSION = YES;
				CLANG_WARN_INFINITE_RECURSION = YES;
				CLANG_WARN_INT_CONVERSION = YES;
				CLANG_WARN_NON_LITERAL_NULL_CONVERSION = YES;
				CLANG_WARN_OBJC_IMPLICIT_RETAIN_SELF = YES;
				CLANG_WARN_OBJC_LITERAL_CONVERSION = YES;
				CLANG_WARN_OBJC_ROOT_CLASS = YES_ERROR;
				CLANG_WARN_QUOTED_INCLUDE_IN_FRAMEWORK_HEADER = YES;
				CLANG_WARN_RANGE_LOOP_ANALYSIS = YES;
				CLANG_WARN_STRICT_PROTOTYPES = YES;
				CLANG_WARN_SUSPICIOUS_MOVE = YES;
				CLANG_WARN_UNGUARDED_AVAILABILITY = YES_AGGRESSIVE;
				CLANG_WARN_UNREACHABLE_CODE = YES;
				CLANG_WARN__DUPLICATE_METHOD_MATCH = YES;
				COPY_PHASE_STRIP = NO;
				DEBUG_INFORMATION_FORMAT = "dwarf-with-dsym";
				DEVELOPMENT_TEAM = V3XY5R5N6T;
				ENABLE_NS_ASSERTIONS = NO;
				ENABLE_STRICT_OBJC_MSGSEND = YES;
				GCC_C_LANGUAGE_STANDARD = gnu11;
				GCC_NO_COMMON_BLOCKS = YES;
				GCC_WARN_64_TO_32_BIT_CONVERSION = YES;
				GCC_WARN_ABOUT_RETURN_TYPE = YES_ERROR;
				GCC_WARN_UNDECLARED_SELECTOR = YES;
				GCC_WARN_UNINITIALIZED_AUTOS = YES_AGGRESSIVE;
				GCC_WARN_UNUSED_FUNCTION = YES;
				GCC_WARN_UNUSED_VARIABLE = YES;
				IPHONEOS_DEPLOYMENT_TARGET = 14.4;
				MTL_ENABLE_DEBUG_INFO = NO;
				MTL_FAST_MATH = YES;
				SDKROOT = iphoneos;
				SWIFT_COMPILATION_MODE = wholemodule;
				SWIFT_OPTIMIZATION_LEVEL = "-O";
				VALIDATE_PRODUCT = YES;
			};
			name = Release;
		};
		26AF761225E0501E00BA2776 /* Debug */ = {
			isa = XCBuildConfiguration;
			buildSettings = {
				ASSETCATALOG_COMPILER_APPICON_NAME = AppIcon;
				ASSETCATALOG_COMPILER_GLOBAL_ACCENT_COLOR_NAME = AccentColor;
				CODE_SIGN_STYLE = Automatic;
				DEVELOPMENT_ASSET_PATHS = "\"pomodoro/Preview Content\"";
				DEVELOPMENT_TEAM = V3XY5R5N6T;
				ENABLE_PREVIEWS = YES;
				INFOPLIST_FILE = pomodoro/Info.plist;
				IPHONEOS_DEPLOYMENT_TARGET = 14.0;
				LD_RUNPATH_SEARCH_PATHS = (
					"$(inherited)",
					"@executable_path/Frameworks",
				);
				MARKETING_VERSION = 1.3.1;
				PRODUCT_BUNDLE_IDENTIFIER = lil.pomodoro;
				PRODUCT_NAME = "$(TARGET_NAME)";
				SWIFT_VERSION = 5.0;
				TARGETED_DEVICE_FAMILY = 1;
			};
			name = Debug;
		};
		26AF761325E0501E00BA2776 /* Release */ = {
			isa = XCBuildConfiguration;
			buildSettings = {
				ASSETCATALOG_COMPILER_APPICON_NAME = AppIcon;
				ASSETCATALOG_COMPILER_GLOBAL_ACCENT_COLOR_NAME = AccentColor;
				CODE_SIGN_IDENTITY = "Apple Development";
				CODE_SIGN_STYLE = Automatic;
				DEVELOPMENT_ASSET_PATHS = "\"pomodoro/Preview Content\"";
				DEVELOPMENT_TEAM = V3XY5R5N6T;
				ENABLE_PREVIEWS = YES;
				INFOPLIST_FILE = pomodoro/Info.plist;
				IPHONEOS_DEPLOYMENT_TARGET = 14.0;
				LD_RUNPATH_SEARCH_PATHS = (
					"$(inherited)",
					"@executable_path/Frameworks",
				);
				MARKETING_VERSION = 1.3.1;
				PRODUCT_BUNDLE_IDENTIFIER = lil.pomodoro;
				PRODUCT_NAME = "$(TARGET_NAME)";
				PROVISIONING_PROFILE_SPECIFIER = "";
				SWIFT_VERSION = 5.0;
				TARGETED_DEVICE_FAMILY = 1;
			};
			name = Release;
		};
		26AF761525E0501E00BA2776 /* Debug */ = {
			isa = XCBuildConfiguration;
			buildSettings = {
				ALWAYS_EMBED_SWIFT_STANDARD_LIBRARIES = YES;
				BUNDLE_LOADER = "$(TEST_HOST)";
				CODE_SIGN_STYLE = Automatic;
				DEVELOPMENT_TEAM = V3XY5R5N6T;
				INFOPLIST_FILE = pomodoroTests/Info.plist;
				IPHONEOS_DEPLOYMENT_TARGET = 14.0;
				LD_RUNPATH_SEARCH_PATHS = (
					"$(inherited)",
					"@executable_path/Frameworks",
					"@loader_path/Frameworks",
				);
				PRODUCT_BUNDLE_IDENTIFIER = lil.pomodoroTests;
				PRODUCT_NAME = "$(TARGET_NAME)";
				SWIFT_VERSION = 5.0;
				TARGETED_DEVICE_FAMILY = "1,2";
				TEST_HOST = "$(BUILT_PRODUCTS_DIR)/pomodoro.app/pomodoro";
			};
			name = Debug;
		};
		26AF761625E0501E00BA2776 /* Release */ = {
			isa = XCBuildConfiguration;
			buildSettings = {
				ALWAYS_EMBED_SWIFT_STANDARD_LIBRARIES = YES;
				BUNDLE_LOADER = "$(TEST_HOST)";
				CODE_SIGN_STYLE = Automatic;
				DEVELOPMENT_TEAM = V3XY5R5N6T;
				INFOPLIST_FILE = pomodoroTests/Info.plist;
				IPHONEOS_DEPLOYMENT_TARGET = 14.0;
				LD_RUNPATH_SEARCH_PATHS = (
					"$(inherited)",
					"@executable_path/Frameworks",
					"@loader_path/Frameworks",
				);
				PRODUCT_BUNDLE_IDENTIFIER = lil.pomodoroTests;
				PRODUCT_NAME = "$(TARGET_NAME)";
				SWIFT_VERSION = 5.0;
				TARGETED_DEVICE_FAMILY = "1,2";
				TEST_HOST = "$(BUILT_PRODUCTS_DIR)/pomodoro.app/pomodoro";
			};
			name = Release;
		};
		26AF761825E0501E00BA2776 /* Debug */ = {
			isa = XCBuildConfiguration;
			buildSettings = {
				ALWAYS_EMBED_SWIFT_STANDARD_LIBRARIES = YES;
				CODE_SIGN_STYLE = Automatic;
				DEVELOPMENT_TEAM = V3XY5R5N6T;
				INFOPLIST_FILE = pomodoroUITests/Info.plist;
				LD_RUNPATH_SEARCH_PATHS = (
					"$(inherited)",
					"@executable_path/Frameworks",
					"@loader_path/Frameworks",
				);
				PRODUCT_BUNDLE_IDENTIFIER = lil.pomodoroUITests;
				PRODUCT_NAME = "$(TARGET_NAME)";
				SWIFT_VERSION = 5.0;
				TARGETED_DEVICE_FAMILY = "1,2";
				TEST_TARGET_NAME = pomodoro;
			};
			name = Debug;
		};
		26AF761925E0501E00BA2776 /* Release */ = {
			isa = XCBuildConfiguration;
			buildSettings = {
				ALWAYS_EMBED_SWIFT_STANDARD_LIBRARIES = YES;
				CODE_SIGN_STYLE = Automatic;
				DEVELOPMENT_TEAM = V3XY5R5N6T;
				INFOPLIST_FILE = pomodoroUITests/Info.plist;
				LD_RUNPATH_SEARCH_PATHS = (
					"$(inherited)",
					"@executable_path/Frameworks",
					"@loader_path/Frameworks",
				);
				PRODUCT_BUNDLE_IDENTIFIER = lil.pomodoroUITests;
				PRODUCT_NAME = "$(TARGET_NAME)";
				SWIFT_VERSION = 5.0;
				TARGETED_DEVICE_FAMILY = "1,2";
				TEST_TARGET_NAME = pomodoro;
			};
			name = Release;
		};
/* End XCBuildConfiguration section */

/* Begin XCConfigurationList section */
		26AF75E225E0501D00BA2776 /* Build configuration list for PBXProject "pomodoro" */ = {
			isa = XCConfigurationList;
			buildConfigurations = (
				26AF760F25E0501E00BA2776 /* Debug */,
				26AF761025E0501E00BA2776 /* Release */,
			);
			defaultConfigurationIsVisible = 0;
			defaultConfigurationName = Release;
		};
		26AF761125E0501E00BA2776 /* Build configuration list for PBXNativeTarget "pomodoro" */ = {
			isa = XCConfigurationList;
			buildConfigurations = (
				26AF761225E0501E00BA2776 /* Debug */,
				26AF761325E0501E00BA2776 /* Release */,
			);
			defaultConfigurationIsVisible = 0;
			defaultConfigurationName = Release;
		};
		26AF761425E0501E00BA2776 /* Build configuration list for PBXNativeTarget "pomodoroTests" */ = {
			isa = XCConfigurationList;
			buildConfigurations = (
				26AF761525E0501E00BA2776 /* Debug */,
				26AF761625E0501E00BA2776 /* Release */,
			);
			defaultConfigurationIsVisible = 0;
			defaultConfigurationName = Release;
		};
		26AF761725E0501E00BA2776 /* Build configuration list for PBXNativeTarget "pomodoroUITests" */ = {
			isa = XCConfigurationList;
			buildConfigurations = (
				26AF761825E0501E00BA2776 /* Debug */,
				26AF761925E0501E00BA2776 /* Release */,
			);
			defaultConfigurationIsVisible = 0;
			defaultConfigurationName = Release;
		};
/* End XCConfigurationList section */

/* Begin XCVersionGroup section */
		26AF75F525E0501E00BA2776 /* pomodoro.xcdatamodeld */ = {
			isa = XCVersionGroup;
			children = (
				26AF75F625E0501E00BA2776 /* pomodoro.xcdatamodel */,
			);
			currentVersion = 26AF75F625E0501E00BA2776 /* pomodoro.xcdatamodel */;
			path = pomodoro.xcdatamodeld;
			sourceTree = "<group>";
			versionGroupType = wrapper.xcdatamodel;
		};
/* End XCVersionGroup section */
	};
	rootObject = 26AF75DF25E0501D00BA2776 /* Project object */;
}
